PODS:
  - Flutter (1.0.0)
  - integration_test (0.0.1):
    - Flutter
  - open_wearables_health_sdk (0.0.7):
    - Flutter
    - OpenWearablesHealthSDK (~> 0.1.0)
  - OpenWearablesHealthSDK (0.1.0)

DEPENDENCIES:
  - Flutter (from `Flutter`)
  - integration_test (from `.symlinks/plugins/integration_test/ios`)
  - open_wearables_health_sdk (from `.symlinks/plugins/open_wearables_health_sdk/ios`)
  - OpenWearablesHealthSDK (from `https://github.com/kmlpiekarz/open_wearables_ios_sdk.git`, tag `0.1.0`)

EXTERNAL SOURCES:
  Flutter:
    :path: Flutter
  integration_test:
    :path: ".symlinks/plugins/integration_test/ios"
  open_wearables_health_sdk:
    :path: ".symlinks/plugins/open_wearables_health_sdk/ios"
  OpenWearablesHealthSDK:
    :git: https://github.com/kmlpiekarz/open_wearables_ios_sdk.git
    :tag: 0.1.0

CHECKOUT OPTIONS:
  OpenWearablesHealthSDK:
    :git: https://github.com/kmlpiekarz/open_wearables_ios_sdk.git
    :tag: 0.1.0

SPEC CHECKSUMS:
  Flutter: cabc95a1d2626b1b06e7179b784ebcf0c0cde467
  integration_test: 4a889634ef21a45d28d50d622cf412dc6d9f586e
  open_wearables_health_sdk: 979888acdfba4d3106079138c3766d6c9a71afc5
  OpenWearablesHealthSDK: b42e8bca0d724b8cf2b7263c089ac5f5306b152e

PODFILE CHECKSUM: 57757bb08143c9d3b209ae1f6a8d299db2bd7410

COCOAPODS: 1.16.2
